// !$*UTF8*$!
{
	archiveVersion = 1;
	classes = {
	};
	objectVersion = 55;
	objects = {

/* Begin PBXBuildFile section */
		8B4FFB7B29F6F15A0093153A /* SprintOnApp.swift in Sources */ = {isa = PBXBuildFile; fileRef = 8B4FFB7A29F6F15A0093153A /* SprintOnApp.swift */; };
		8B4FFB7D29F6F15A0093153A /* ContentView.swift in Sources */ = {isa = PBXBuildFile; fileRef = 8B4FFB7C29F6F15A0093153A /* ContentView.swift */; };
		8B4FFB7F29F6F15D0093153A /* Assets.xcassets in Resources */ = {isa = PBXBuildFile; fileRef = 8B4FFB7E29F6F15D0093153A /* Assets.xcassets */; };
		8B4FFB8229F6F15D0093153A /* Preview Assets.xcassets in Resources */ = {isa = PBXBuildFile; fileRef = 8B4FFB8129F6F15D0093153A /* Preview Assets.xcassets */; };
		8B4FFB8C29F6F15D0093153A /* SprintOnTests.swift in Sources */ = {isa = PBXBuildFile; fileRef = 8B4FFB8B29F6F15D0093153A /* SprintOnTests.swift */; };
		8B4FFB9629F6F15E0093153A /* SprintOnUITests.swift in Sources */ = {isa = PBXBuildFile; fileRef = 8B4FFB9529F6F15E0093153A /* SprintOnUITests.swift */; };
		8B4FFB9829F6F15E0093153A /* SprintOnUITestsLaunchTests.swift in Sources */ = {isa = PBXBuildFile; fileRef = 8B4FFB9729F6F15E0093153A /* SprintOnUITestsLaunchTests.swift */; };
		8B4FFBA629F6F1D50093153A /* HomePageView.swift in Sources */ = {isa = PBXBuildFile; fileRef = 8B4FFBA529F6F1D50093153A /* HomePageView.swift */; };
/* End PBXBuildFile section */

/* Begin PBXContainerItemProxy section */
		8B4FFB8829F6F15D0093153A /* PBXContainerItemProxy */ = {
			isa = PBXContainerItemProxy;
			containerPortal = 8B4FFB6F29F6F15A0093153A /* Project object */;
			proxyType = 1;
			remoteGlobalIDString = 8B4FFB7629F6F15A0093153A;
			remoteInfo = SprintOn;
		};
		8B4FFB9229F6F15E0093153A /* PBXContainerItemProxy */ = {
			isa = PBXContainerItemProxy;
			containerPortal = 8B4FFB6F29F6F15A0093153A /* Project object */;
			proxyType = 1;
			remoteGlobalIDString = 8B4FFB7629F6F15A0093153A;
			remoteInfo = SprintOn;
		};
/* End PBXContainerItemProxy section */

/* Begin PBXFileReference section */
		8B4FFB7729F6F15A0093153A /* SprintOn.app */ = {isa = PBXFileReference; explicitFileType = wrapper.application; includeInIndex = 0; path = SprintOn.app; sourceTree = BUILT_PRODUCTS_DIR; };
		8B4FFB7A29F6F15A0093153A /* SprintOnApp.swift */ = {isa = PBXFileReference; lastKnownFileType = sourcecode.swift; path = SprintOnApp.swift; sourceTree = "<group>"; };
		8B4FFB7C29F6F15A0093153A /* ContentView.swift */ = {isa = PBXFileReference; lastKnownFileType = sourcecode.swift; path = ContentView.swift; sourceTree = "<group>"; };
		8B4FFB7E29F6F15D0093153A /* Assets.xcassets */ = {isa = PBXFileReference; lastKnownFileType = folder.assetcatalog; path = Assets.xcassets; sourceTree = "<group>"; };
		8B4FFB8129F6F15D0093153A /* Preview Assets.xcassets */ = {isa = PBXFileReference; lastKnownFileType = folder.assetcatalog; path = "Preview Assets.xcassets"; sourceTree = "<group>"; };
		8B4FFB8729F6F15D0093153A /* SprintOnTests.xctest */ = {isa = PBXFileReference; explicitFileType = wrapper.cfbundle; includeInIndex = 0; path = SprintOnTests.xctest; sourceTree = BUILT_PRODUCTS_DIR; };
		8B4FFB8B29F6F15D0093153A /* SprintOnTests.swift */ = {isa = PBXFileReference; lastKnownFileType = sourcecode.swift; path = SprintOnTests.swift; sourceTree = "<group>"; };
		8B4FFB9129F6F15E0093153A /* SprintOnUITests.xctest */ = {isa = PBXFileReference; explicitFileType = wrapper.cfbundle; includeInIndex = 0; path = SprintOnUITests.xctest; sourceTree = BUILT_PRODUCTS_DIR; };
		8B4FFB9529F6F15E0093153A /* SprintOnUITests.swift */ = {isa = PBXFileReference; lastKnownFileType = sourcecode.swift; path = SprintOnUITests.swift; sourceTree = "<group>"; };
		8B4FFB9729F6F15E0093153A /* SprintOnUITestsLaunchTests.swift */ = {isa = PBXFileReference; lastKnownFileType = sourcecode.swift; path = SprintOnUITestsLaunchTests.swift; sourceTree = "<group>"; };
		8B4FFBA529F6F1D50093153A /* HomePageView.swift */ = {isa = PBXFileReference; lastKnownFileType = sourcecode.swift; path = HomePageView.swift; sourceTree = "<group>"; };
/* End PBXFileReference section */

/* Begin PBXFrameworksBuildPhase section */
		8B4FFB7429F6F15A0093153A /* Frameworks */ = {
			isa = PBXFrameworksBuildPhase;
			buildActionMask = 2147483647;
			files = (
			);
			runOnlyForDeploymentPostprocessing = 0;
		};
		8B4FFB8429F6F15D0093153A /* Frameworks */ = {
			isa = PBXFrameworksBuildPhase;
			buildActionMask = 2147483647;
			files = (
			);
			runOnlyForDeploymentPostprocessing = 0;
		};
		8B4FFB8E29F6F15E0093153A /* Frameworks */ = {
			isa = PBXFrameworksBuildPhase;
			buildActionMask = 2147483647;
			files = (
			);
			runOnlyForDeploymentPostprocessing = 0;
		};
/* End PBXFrameworksBuildPhase section */

/* Begin PBXGroup section */
		8B4FFB6E29F6F15A0093153A = {
			isa = PBXGroup;
			children = (
				8B4FFB7929F6F15A0093153A /* SprintOn */,
				8B4FFB8A29F6F15D0093153A /* SprintOnTests */,
				8B4FFB9429F6F15E0093153A /* SprintOnUITests */,
				8B4FFB7829F6F15A0093153A /* Products */,
			);
			sourceTree = "<group>";
		};
		8B4FFB7829F6F15A0093153A /* Products */ = {
			isa = PBXGroup;
			children = (
				8B4FFB7729F6F15A0093153A /* SprintOn.app */,
				8B4FFB8729F6F15D0093153A /* SprintOnTests.xctest */,
				8B4FFB9129F6F15E0093153A /* SprintOnUITests.xctest */,
			);
			name = Products;
			sourceTree = "<group>";
		};
		8B4FFB7929F6F15A0093153A /* SprintOn */ = {
			isa = PBXGroup;
			children = (
				8B4FFBA429F6F1B50093153A /* Views */,
				8B4FFB7A29F6F15A0093153A /* SprintOnApp.swift */,
				8B4FFB7C29F6F15A0093153A /* ContentView.swift */,
				8B4FFB7E29F6F15D0093153A /* Assets.xcassets */,
				8B4FFB8029F6F15D0093153A /* Preview Content */,
			);
			path = SprintOn;
			sourceTree = "<group>";
		};
		8B4FFB8029F6F15D0093153A /* Preview Content */ = {
			isa = PBXGroup;
			children = (
				8B4FFB8129F6F15D0093153A /* Preview Assets.xcassets */,
			);
			path = "Preview Content";
			sourceTree = "<group>";
		};
		8B4FFB8A29F6F15D0093153A /* SprintOnTests */ = {
			isa = PBXGroup;
			children = (
				8B4FFB8B29F6F15D0093153A /* SprintOnTests.swift */,
			);
			path = SprintOnTests;
			sourceTree = "<group>";
		};
		8B4FFB9429F6F15E0093153A /* SprintOnUITests */ = {
			isa = PBXGroup;
			children = (
				8B4FFB9529F6F15E0093153A /* SprintOnUITests.swift */,
				8B4FFB9729F6F15E0093153A /* SprintOnUITestsLaunchTests.swift */,
			);
			path = SprintOnUITests;
			sourceTree = "<group>";
		};
		8B4FFBA429F6F1B50093153A /* Views */ = {
			isa = PBXGroup;
			children = (
				8B4FFBA529F6F1D50093153A /* HomePageView.swift */,
			);
			path = Views;
			sourceTree = "<group>";
		};
/* End PBXGroup section */

/* Begin PBXNativeTarget section */
		8B4FFB7629F6F15A0093153A /* SprintOn */ = {
			isa = PBXNativeTarget;
			buildConfigurationList = 8B4FFB9B29F6F15E0093153A /* Build configuration list for PBXNativeTarget "SprintOn" */;
			buildPhases = (
				8B4FFB7329F6F15A0093153A /* Sources */,
				8B4FFB7429F6F15A0093153A /* Frameworks */,
				8B4FFB7529F6F15A0093153A /* Resources */,
			);
			buildRules = (
			);
			dependencies = (
			);
			name = SprintOn;
			productName = SprintOn;
			productReference = 8B4FFB7729F6F15A0093153A /* SprintOn.app */;
			productType = "com.apple.product-type.application";
		};
		8B4FFB8629F6F15D0093153A /* SprintOnTests */ = {
			isa = PBXNativeTarget;
			buildConfigurationList = 8B4FFB9E29F6F15E0093153A /* Build configuration list for PBXNativeTarget "SprintOnTests" */;
			buildPhases = (
				8B4FFB8329F6F15D0093153A /* Sources */,
				8B4FFB8429F6F15D0093153A /* Frameworks */,
				8B4FFB8529F6F15D0093153A /* Resources */,
			);
			buildRules = (
			);
			dependencies = (
				8B4FFB8929F6F15D0093153A /* PBXTargetDependency */,
			);
			name = SprintOnTests;
			productName = SprintOnTests;
			productReference = 8B4FFB8729F6F15D0093153A /* SprintOnTests.xctest */;
			productType = "com.apple.product-type.bundle.unit-test";
		};
		8B4FFB9029F6F15E0093153A /* SprintOnUITests */ = {
			isa = PBXNativeTarget;
			buildConfigurationList = 8B4FFBA129F6F15E0093153A /* Build configuration list for PBXNativeTarget "SprintOnUITests" */;
			buildPhases = (
				8B4FFB8D29F6F15E0093153A /* Sources */,
				8B4FFB8E29F6F15E0093153A /* Frameworks */,
				8B4FFB8F29F6F15E0093153A /* Resources */,
			);
			buildRules = (
			);
			dependencies = (
				8B4FFB9329F6F15E0093153A /* PBXTargetDependency */,
			);
			name = SprintOnUITests;
			productName = SprintOnUITests;
			productReference = 8B4FFB9129F6F15E0093153A /* SprintOnUITests.xctest */;
			productType = "com.apple.product-type.bundle.ui-testing";
		};
/* End PBXNativeTarget section */

/* Begin PBXProject section */
		8B4FFB6F29F6F15A0093153A /* Project object */ = {
			isa = PBXProject;
			attributes = {
				BuildIndependentTargetsInParallel = 1;
				LastSwiftUpdateCheck = 1330;
				LastUpgradeCheck = 1330;
				TargetAttributes = {
					8B4FFB7629F6F15A0093153A = {
						CreatedOnToolsVersion = 13.3.1;
					};
					8B4FFB8629F6F15D0093153A = {
						CreatedOnToolsVersion = 13.3.1;
						TestTargetID = 8B4FFB7629F6F15A0093153A;
					};
					8B4FFB9029F6F15E0093153A = {
						CreatedOnToolsVersion = 13.3.1;
						TestTargetID = 8B4FFB7629F6F15A0093153A;
					};
				};
			};
			buildConfigurationList = 8B4FFB7229F6F15A0093153A /* Build configuration list for PBXProject "SprintOn" */;
			compatibilityVersion = "Xcode 13.0";
			developmentRegion = en;
			hasScannedForEncodings = 0;
			knownRegions = (
				en,
				Base,
			);
			mainGroup = 8B4FFB6E29F6F15A0093153A;
			productRefGroup = 8B4FFB7829F6F15A0093153A /* Products */;
			projectDirPath = "";
			projectRoot = "";
			targets = (
				8B4FFB7629F6F15A0093153A /* SprintOn */,
				8B4FFB8629F6F15D0093153A /* SprintOnTests */,
				8B4FFB9029F6F15E0093153A /* SprintOnUITests */,
			);
		};
/* End PBXProject section */

/* Begin PBXResourcesBuildPhase section */
		8B4FFB7529F6F15A0093153A /* Resources */ = {
			isa = PBXResourcesBuildPhase;
			buildActionMask = 2147483647;
			files = (
				8B4FFB8229F6F15D0093153A /* Preview Assets.xcassets in Resources */,
				8B4FFB7F29F6F15D0093153A /* Assets.xcassets in Resources */,
			);
			runOnlyForDeploymentPostprocessing = 0;
		};
		8B4FFB8529F6F15D0093153A /* Resources */ = {
			isa = PBXResourcesBuildPhase;
			buildActionMask = 2147483647;
			files = (
			);
			runOnlyForDeploymentPostprocessing = 0;
		};
		8B4FFB8F29F6F15E0093153A /* Resources */ = {
			isa = PBXResourcesBuildPhase;
			buildActionMask = 2147483647;
			files = (
			);
			runOnlyForDeploymentPostprocessing = 0;
		};
/* End PBXResourcesBuildPhase section */

/* Begin PBXSourcesBuildPhase section */
		8B4FFB7329F6F15A0093153A /* Sources */ = {
			isa = PBXSourcesBuildPhase;
			buildActionMask = 2147483647;
			files = (
				8B4FFB7D29F6F15A0093153A /* ContentView.swift in Sources */,
				8B4FFBA629F6F1D50093153A /* HomePageView.swift in Sources */,
				8B4FFB7B29F6F15A0093153A /* SprintOnApp.swift in Sources */,
			);
			runOnlyForDeploymentPostprocessing = 0;
		};
		8B4FFB8329F6F15D0093153A /* Sources */ = {
			isa = PBXSourcesBuildPhase;
			buildActionMask = 2147483647;
			files = (
				8B4FFB8C29F6F15D0093153A /* SprintOnTests.swift in Sources */,
			);
			runOnlyForDeploymentPostprocessing = 0;
		};
		8B4FFB8D29F6F15E0093153A /* Sources */ = {
			isa = PBXSourcesBuildPhase;
			buildActionMask = 2147483647;
			files = (
				8B4FFB9829F6F15E0093153A /* SprintOnUITestsLaunchTests.swift in Sources */,
				8B4FFB9629F6F15E0093153A /* SprintOnUITests.swift in Sources */,
			);
			runOnlyForDeploymentPostprocessing = 0;
		};
/* End PBXSourcesBuildPhase section */

/* Begin PBXTargetDependency section */
		8B4FFB8929F6F15D0093153A /* PBXTargetDependency */ = {
			isa = PBXTargetDependency;
			target = 8B4FFB7629F6F15A0093153A /* SprintOn */;
			targetProxy = 8B4FFB8829F6F15D0093153A /* PBXContainerItemProxy */;
		};
		8B4FFB9329F6F15E0093153A /* PBXTargetDependency */ = {
			isa = PBXTargetDependency;
			target = 8B4FFB7629F6F15A0093153A /* SprintOn */;
			targetProxy = 8B4FFB9229F6F15E0093153A /* PBXContainerItemProxy */;
		};
/* End PBXTargetDependency section */

/* Begin XCBuildConfiguration section */
		8B4FFB9929F6F15E0093153A /* Debug */ = {
			isa = XCBuildConfiguration;
			buildSettings = {
				ALWAYS_SEARCH_USER_PATHS = NO;
				CLANG_ANALYZER_NONNULL = YES;
				CLANG_ANALYZER_NUMBER_OBJECT_CONVERSION = YES_AGGRESSIVE;
				CLANG_CXX_LANGUAGE_STANDARD = "gnu++17";
				CLANG_ENABLE_MODULES = YES;
				CLANG_ENABLE_OBJC_ARC = YES;
				CLANG_ENABLE_OBJC_WEAK = YES;
				CLANG_WARN_BLOCK_CAPTURE_AUTORELEASING = YES;
				CLANG_WARN_BOOL_CONVERSION = YES;
				CLANG_WARN_COMMA = YES;
				CLANG_WARN_CONSTANT_CONVERSION = YES;
				CLANG_WARN_DEPRECATED_OBJC_IMPLEMENTATIONS = YES;
				CLANG_WARN_DIRECT_OBJC_ISA_USAGE = YES_ERROR;
				CLANG_WARN_DOCUMENTATION_COMMENTS = YES;
				CLANG_WARN_EMPTY_BODY = YES;
				CLANG_WARN_ENUM_CONVERSION = YES;
				CLANG_WARN_INFINITE_RECURSION = YES;
				CLANG_WARN_INT_CONVERSION = YES;
				CLANG_WARN_NON_LITERAL_NULL_CONVERSION = YES;
				CLANG_WARN_OBJC_IMPLICIT_RETAIN_SELF = YES;
				CLANG_WARN_OBJC_LITERAL_CONVERSION = YES;
				CLANG_WARN_OBJC_ROOT_CLASS = YES_ERROR;
				CLANG_WARN_QUOTED_INCLUDE_IN_FRAMEWORK_HEADER = YES;
				CLANG_WARN_RANGE_LOOP_ANALYSIS = YES;
				CLANG_WARN_STRICT_PROTOTYPES = YES;
				CLANG_WARN_SUSPICIOUS_MOVE = YES;
				CLANG_WARN_UNGUARDED_AVAILABILITY = YES_AGGRESSIVE;
				CLANG_WARN_UNREACHABLE_CODE = YES;
				CLANG_WARN__DUPLICATE_METHOD_MATCH = YES;
				COPY_PHASE_STRIP = NO;
				DEBUG_INFORMATION_FORMAT = dwarf;
				ENABLE_STRICT_OBJC_MSGSEND = YES;
				ENABLE_TESTABILITY = YES;
				GCC_C_LANGUAGE_STANDARD = gnu11;
				GCC_DYNAMIC_NO_PIC = NO;
				GCC_NO_COMMON_BLOCKS = YES;
				GCC_OPTIMIZATION_LEVEL = 0;
				GCC_PREPROCESSOR_DEFINITIONS = (
					"DEBUG=1",
					"$(inherited)",
				);
				GCC_WARN_64_TO_32_BIT_CONVERSION = YES;
				GCC_WARN_ABOUT_RETURN_TYPE = YES_ERROR;
				GCC_WARN_UNDECLARED_SELECTOR = YES;
				GCC_WARN_UNINITIALIZED_AUTOS = YES_AGGRESSIVE;
				GCC_WARN_UNUSED_FUNCTION = YES;
				GCC_WARN_UNUSED_VARIABLE = YES;
				IPHONEOS_DEPLOYMENT_TARGET = 15.4;
				MTL_ENABLE_DEBUG_INFO = INCLUDE_SOURCE;
				MTL_FAST_MATH = YES;
				ONLY_ACTIVE_ARCH = YES;
				SDKROOT = iphoneos;
				SWIFT_ACTIVE_COMPILATION_CONDITIONS = DEBUG;
				SWIFT_OPTIMIZATION_LEVEL = "-Onone";
			};
			name = Debug;
		};
		8B4FFB9A29F6F15E0093153A /* Release */ = {
			isa = XCBuildConfiguration;
			buildSettings = {
				ALWAYS_SEARCH_USER_PATHS = NO;
				CLANG_ANALYZER_NONNULL = YES;
				CLANG_ANALYZER_NUMBER_OBJECT_CONVERSION = YES_AGGRESSIVE;
				CLANG_CXX_LANGUAGE_STANDARD = "gnu++17";
				CLANG_ENABLE_MODULES = YES;
				CLANG_ENABLE_OBJC_ARC = YES;
				CLANG_ENABLE_OBJC_WEAK = YES;
				CLANG_WARN_BLOCK_CAPTURE_AUTORELEASING = YES;
				CLANG_WARN_BOOL_CONVERSION = YES;
				CLANG_WARN_COMMA = YES;
				CLANG_WARN_CONSTANT_CONVERSION = YES;
				CLANG_WARN_DEPRECATED_OBJC_IMPLEMENTATIONS = YES;
				CLANG_WARN_DIRECT_OBJC_ISA_USAGE = YES_ERROR;
				CLANG_WARN_DOCUMENTATION_COMMENTS = YES;
				CLANG_WARN_EMPTY_BODY = YES;
				CLANG_WARN_ENUM_CONVERSION = YES;
				CLANG_WARN_INFINITE_RECURSION = YES;
				CLANG_WARN_INT_CONVERSION = YES;
				CLANG_WARN_NON_LITERAL_NULL_CONVERSION = YES;
				CLANG_WARN_OBJC_IMPLICIT_RETAIN_SELF = YES;
				CLANG_WARN_OBJC_LITERAL_CONVERSION = YES;
				CLANG_WARN_OBJC_ROOT_CLASS = YES_ERROR;
				CLANG_WARN_QUOTED_INCLUDE_IN_FRAMEWORK_HEADER = YES;
				CLANG_WARN_RANGE_LOOP_ANALYSIS = YES;
				CLANG_WARN_STRICT_PROTOTYPES = YES;
				CLANG_WARN_SUSPICIOUS_MOVE = YES;
				CLANG_WARN_UNGUARDED_AVAILABILITY = YES_AGGRESSIVE;
				CLANG_WARN_UNREACHABLE_CODE = YES;
				CLANG_WARN__DUPLICATE_METHOD_MATCH = YES;
				COPY_PHASE_STRIP = NO;
				DEBUG_INFORMATION_FORMAT = "dwarf-with-dsym";
				ENABLE_NS_ASSERTIONS = NO;
				ENABLE_STRICT_OBJC_MSGSEND = YES;
				GCC_C_LANGUAGE_STANDARD = gnu11;
				GCC_NO_COMMON_BLOCKS = YES;
				GCC_WARN_64_TO_32_BIT_CONVERSION = YES;
				GCC_WARN_ABOUT_RETURN_TYPE = YES_ERROR;
				GCC_WARN_UNDECLARED_SELECTOR = YES;
				GCC_WARN_UNINITIALIZED_AUTOS = YES_AGGRESSIVE;
				GCC_WARN_UNUSED_FUNCTION = YES;
				GCC_WARN_UNUSED_VARIABLE = YES;
				IPHONEOS_DEPLOYMENT_TARGET = 15.4;
				MTL_ENABLE_DEBUG_INFO = NO;
				MTL_FAST_MATH = YES;
				SDKROOT = iphoneos;
				SWIFT_COMPILATION_MODE = wholemodule;
				SWIFT_OPTIMIZATION_LEVEL = "-O";
				VALIDATE_PRODUCT = YES;
			};
			name = Release;
		};
		8B4FFB9C29F6F15E0093153A /* Debug */ = {
			isa = XCBuildConfiguration;
			buildSettings = {
				ASSETCATALOG_COMPILER_APPICON_NAME = AppIcon;
				ASSETCATALOG_COMPILER_GLOBAL_ACCENT_COLOR_NAME = AccentColor;
				CODE_SIGN_STYLE = Automatic;
				CURRENT_PROJECT_VERSION = 1;
				DEVELOPMENT_ASSET_PATHS = "\"SprintOn/Preview Content\"";
				DEVELOPMENT_TEAM = QG7N5828D4;
				ENABLE_PREVIEWS = YES;
				GENERATE_INFOPLIST_FILE = YES;
				INFOPLIST_KEY_UIApplicationSceneManifest_Generation = YES;
				INFOPLIST_KEY_UIApplicationSupportsIndirectInputEvents = YES;
				INFOPLIST_KEY_UILaunchScreen_Generation = YES;
				INFOPLIST_KEY_UISupportedInterfaceOrientations_iPad = "UIInterfaceOrientationPortrait UIInterfaceOrientationPortraitUpsideDown UIInterfaceOrientationLandscapeLeft UIInterfaceOrientationLandscapeRight";
				INFOPLIST_KEY_UISupportedInterfaceOrientations_iPhone = "UIInterfaceOrientationPortrait UIInterfaceOrientationLandscapeLeft UIInterfaceOrientationLandscapeRight";
				LD_RUNPATH_SEARCH_PATHS = (
					"$(inherited)",
					"@executable_path/Frameworks",
				);
				MARKETING_VERSION = 1.0;
				PRODUCT_BUNDLE_IDENTIFIER = PrajjwalWorks.SprintOn;
				PRODUCT_NAME = "$(TARGET_NAME)";
				SWIFT_EMIT_LOC_STRINGS = YES;
				SWIFT_VERSION = 5.0;
				TARGETED_DEVICE_FAMILY = "1,2";
			};
			name = Debug;
		};
		8B4FFB9D29F6F15E0093153A /* Release */ = {
			isa = XCBuildConfiguration;
			buildSettings = {
				ASSETCATALOG_COMPILER_APPICON_NAME = AppIcon;
				ASSETCATALOG_COMPILER_GLOBAL_ACCENT_COLOR_NAME = AccentColor;
				CODE_SIGN_STYLE = Automatic;
				CURRENT_PROJECT_VERSION = 1;
				DEVELOPMENT_ASSET_PATHS = "\"SprintOn/Preview Content\"";
				DEVELOPMENT_TEAM = QG7N5828D4;
				ENABLE_PREVIEWS = YES;
				GENERATE_INFOPLIST_FILE = YES;
				INFOPLIST_KEY_UIApplicationSceneManifest_Generation = YES;
				INFOPLIST_KEY_UIApplicationSupportsIndirectInputEvents = YES;
				INFOPLIST_KEY_UILaunchScreen_Generation = YES;
				INFOPLIST_KEY_UISupportedInterfaceOrientations_iPad = "UIInterfaceOrientationPortrait UIInterfaceOrientationPortraitUpsideDown UIInterfaceOrientationLandscapeLeft UIInterfaceOrientationLandscapeRight";
				INFOPLIST_KEY_UISupportedInterfaceOrientations_iPhone = "UIInterfaceOrientationPortrait UIInterfaceOrientationLandscapeLeft UIInterfaceOrientationLandscapeRight";
				LD_RUNPATH_SEARCH_PATHS = (
					"$(inherited)",
					"@executable_path/Frameworks",
				);
				MARKETING_VERSION = 1.0;
				PRODUCT_BUNDLE_IDENTIFIER = PrajjwalWorks.SprintOn;
				PRODUCT_NAME = "$(TARGET_NAME)";
				SWIFT_EMIT_LOC_STRINGS = YES;
				SWIFT_VERSION = 5.0;
				TARGETED_DEVICE_FAMILY = "1,2";
			};
			name = Release;
		};
		8B4FFB9F29F6F15E0093153A /* Debug */ = {
			isa = XCBuildConfiguration;
			buildSettings = {
				ALWAYS_EMBED_SWIFT_STANDARD_LIBRARIES = YES;
				BUNDLE_LOADER = "$(TEST_HOST)";
				CODE_SIGN_STYLE = Automatic;
				CURRENT_PROJECT_VERSION = 1;
				DEVELOPMENT_TEAM = QG7N5828D4;
				GENERATE_INFOPLIST_FILE = YES;
				IPHONEOS_DEPLOYMENT_TARGET = 15.4;
				MARKETING_VERSION = 1.0;
				PRODUCT_BUNDLE_IDENTIFIER = PrajjwalWorks.SprintOnTests;
				PRODUCT_NAME = "$(TARGET_NAME)";
				SWIFT_EMIT_LOC_STRINGS = NO;
				SWIFT_VERSION = 5.0;
				TARGETED_DEVICE_FAMILY = "1,2";
				TEST_HOST = "$(BUILT_PRODUCTS_DIR)/SprintOn.app/SprintOn";
			};
			name = Debug;
		};
		8B4FFBA029F6F15E0093153A /* Release */ = {
			isa = XCBuildConfiguration;
			buildSettings = {
				ALWAYS_EMBED_SWIFT_STANDARD_LIBRARIES = YES;
				BUNDLE_LOADER = "$(TEST_HOST)";
				CODE_SIGN_STYLE = Automatic;
				CURRENT_PROJECT_VERSION = 1;
				DEVELOPMENT_TEAM = QG7N5828D4;
				GENERATE_INFOPLIST_FILE = YES;
				IPHONEOS_DEPLOYMENT_TARGET = 15.4;
				MARKETING_VERSION = 1.0;
				PRODUCT_BUNDLE_IDENTIFIER = PrajjwalWorks.SprintOnTests;
				PRODUCT_NAME = "$(TARGET_NAME)";
				SWIFT_EMIT_LOC_STRINGS = NO;
				SWIFT_VERSION = 5.0;
				TARGETED_DEVICE_FAMILY = "1,2";
				TEST_HOST = "$(BUILT_PRODUCTS_DIR)/SprintOn.app/SprintOn";
			};
			name = Release;
		};
		8B4FFBA229F6F15E0093153A /* Debug */ = {
			isa = XCBuildConfiguration;
			buildSettings = {
				ALWAYS_EMBED_SWIFT_STANDARD_LIBRARIES = YES;
				CODE_SIGN_STYLE = Automatic;
				CURRENT_PROJECT_VERSION = 1;
				DEVELOPMENT_TEAM = QG7N5828D4;
				GENERATE_INFOPLIST_FILE = YES;
				MARKETING_VERSION = 1.0;
				PRODUCT_BUNDLE_IDENTIFIER = PrajjwalWorks.SprintOnUITests;
				PRODUCT_NAME = "$(TARGET_NAME)";
				SWIFT_EMIT_LOC_STRINGS = NO;
				SWIFT_VERSION = 5.0;
				TARGETED_DEVICE_FAMILY = "1,2";
				TEST_TARGET_NAME = SprintOn;
			};
			name = Debug;
		};
		8B4FFBA329F6F15E0093153A /* Release */ = {
			isa = XCBuildConfiguration;
			buildSettings = {
				ALWAYS_EMBED_SWIFT_STANDARD_LIBRARIES = YES;
				CODE_SIGN_STYLE = Automatic;
				CURRENT_PROJECT_VERSION = 1;
				DEVELOPMENT_TEAM = QG7N5828D4;
				GENERATE_INFOPLIST_FILE = YES;
				MARKETING_VERSION = 1.0;
				PRODUCT_BUNDLE_IDENTIFIER = PrajjwalWorks.SprintOnUITests;
				PRODUCT_NAME = "$(TARGET_NAME)";
				SWIFT_EMIT_LOC_STRINGS = NO;
				SWIFT_VERSION = 5.0;
				TARGETED_DEVICE_FAMILY = "1,2";
				TEST_TARGET_NAME = SprintOn;
			};
			name = Release;
		};
/* End XCBuildConfiguration section */

/* Begin XCConfigurationList section */
		8B4FFB7229F6F15A0093153A /* Build configuration list for PBXProject "SprintOn" */ = {
			isa = XCConfigurationList;
			buildConfigurations = (
				8B4FFB9929F6F15E0093153A /* Debug */,
				8B4FFB9A29F6F15E0093153A /* Release */,
			);
			defaultConfigurationIsVisible = 0;
			defaultConfigurationName = Release;
		};
		8B4FFB9B29F6F15E0093153A /* Build configuration list for PBXNativeTarget "SprintOn" */ = {
			isa = XCConfigurationList;
			buildConfigurations = (
				8B4FFB9C29F6F15E0093153A /* Debug */,
				8B4FFB9D29F6F15E0093153A /* Release */,
			);
			defaultConfigurationIsVisible = 0;
			defaultConfigurationName = Release;
		};
		8B4FFB9E29F6F15E0093153A /* Build configuration list for PBXNativeTarget "SprintOnTests" */ = {
			isa = XCConfigurationList;
			buildConfigurations = (
				8B4FFB9F29F6F15E0093153A /* Debug */,
				8B4FFBA029F6F15E0093153A /* Release */,
			);
			defaultConfigurationIsVisible = 0;
			defaultConfigurationName = Release;
		};
		8B4FFBA129F6F15E0093153A /* Build configuration list for PBXNativeTarget "SprintOnUITests" */ = {
			isa = XCConfigurationList;
			buildConfigurations = (
				8B4FFBA229F6F15E0093153A /* Debug */,
				8B4FFBA329F6F15E0093153A /* Release */,
			);
			defaultConfigurationIsVisible = 0;
			defaultConfigurationName = Release;
		};
/* End XCConfigurationList section */
	};
	rootObject = 8B4FFB6F29F6F15A0093153A /* Project object */;
}
